{
  "name": "clarity-seed",
  "version": "0.9.0",
  "lockfileVersion": 1,
  "requires": true,
  "dependencies": {
    "@angular/animations": {
      "version": "4.3.0",
      "resolved": "https://registry.npmjs.org/@angular/animations/-/animations-4.3.0.tgz",
      "integrity": "sha1-VvNLhGSTeSAqw1mSm4LrC5FenHI="
    },
    "@angular/cli": {
      "version": "1.2.1",
      "resolved": "https://registry.npmjs.org/@angular/cli/-/cli-1.2.1.tgz",
      "integrity": "sha512-Y3AqcyvWcy9c4KuQAKHzXp2oO51bNY3o/90wfpcwct3Bt4znDMXuoQdgf+VhffcbIgc/b2yyPlOatXLRJ7531A==",
      "dev": true
    },
    "@angular/common": {
      "version": "4.3.0",
      "resolved": "https://registry.npmjs.org/@angular/common/-/common-4.3.0.tgz",
      "integrity": "sha1-E6VKaSndUvlymxauRG+tWP4WMFM="
    },
    "@angular/compiler": {
      "version": "4.3.0",
      "resolved": "https://registry.npmjs.org/@angular/compiler/-/compiler-4.3.0.tgz",
      "integrity": "sha1-VVA78nofBi9xuUlTk/MxGQOo/EM="
    },
    "@angular/compiler-cli": {
      "version": "4.3.0",
      "resolved": "https://registry.npmjs.org/@angular/compiler-cli/-/compiler-cli-4.3.0.tgz",
      "integrity": "sha1-83WAlzD16IPP4hGumRIQ8csanx4=",
      "dev": true,
      "dependencies": {
        "minimist": {
          "version": "1.2.0",
          "resolved": "https://registry.npmjs.org/minimist/-/minimist-1.2.0.tgz",
          "integrity": "sha1-o1AIsg9BOD7sH7kU9M1d95omQoQ="
        }
      }
    },
    "@angular/core": {
      "version": "4.3.0",
      "resolved": "https://registry.npmjs.org/@angular/core/-/core-4.3.0.tgz",
      "integrity": "sha1-vSJJw94SJKfGU2xKunKNZWUykzQ="
    },
    "@angular/forms": {
      "version": "4.3.0",
      "resolved": "https://registry.npmjs.org/@angular/forms/-/forms-4.3.0.tgz",
      "integrity": "sha1-fQx6hUc36aMKX9lmX41PVqG5G9g="
    },
    "@angular/http": {
      "version": "4.3.0",
      "resolved": "https://registry.npmjs.org/@angular/http/-/http-4.3.0.tgz",
      "integrity": "sha1-37czEKhApq2AUKxR8OVcSYTbCSY="
    },
    "@angular/platform-browser": {
      "version": "4.3.0",
      "resolved": "https://registry.npmjs.org/@angular/platform-browser/-/platform-browser-4.3.0.tgz",
      "integrity": "sha1-AjiUiRhRhcO+zwY1k0YQDlR5x+E="
    },
    "@angular/platform-browser-dynamic": {
      "version": "4.3.0",
      "resolved": "https://registry.npmjs.org/@angular/platform-browser-dynamic/-/platform-browser-dynamic-4.3.0.tgz",
      "integrity": "sha1-VR+xiFGyfujz5LDuJarRC9ezEuM="
    },
    "@angular/router": {
      "version": "4.3.0",
      "resolved": "https://registry.npmjs.org/@angular/router/-/router-4.3.0.tgz",
      "integrity": "sha1-cbQo8YXrkWGh3hTcGUkhndzf/a4="
    },
    "@types/core-js": {
      "version": "0.9.42",
      "resolved": "https://registry.npmjs.org/@types/core-js/-/core-js-0.9.42.tgz",
      "integrity": "sha512-AiEZz42jF2f4nkcJ2OhKWxIbXU62pEHmFoaGoGo83seUzDEncxEZtBPX2i2DLUpcVpaVVxAsqAAZzTyrV0A/RQ==",
      "dev": true
    },
    "@types/jasmine": {
      "version": "2.2.34",
      "resolved": "https://registry.npmjs.org/@types/jasmine/-/jasmine-2.2.34.tgz",
      "integrity": "sha1-QVbV+OpZ3Crbbl8h4JroDxkJBQU=",
      "dev": true
    },
    "@types/node": {
      "version": "6.0.84",
      "resolved": "https://registry.npmjs.org/@types/node/-/node-6.0.84.tgz",
      "integrity": "sha512-1SvEazClhUBRNroJM3oB3xf3u2r6xGmHDGbdigqNPHvNKLl8/BtATgO9eC04ZLuovpSh0B20BF1QJxdi+qmTlg==",
      "dev": true
    },
    "@webcomponents/custom-elements": {
      "version": "1.0.0-alpha.3",
      "resolved": "https://registry.npmjs.org/@webcomponents/custom-elements/-/custom-elements-1.0.0-alpha.3.tgz",
      "integrity": "sha1-NA2MyDB3MFQKySJ2yaSRSfb8ARY="
    },
    "bootstrap": {
      "version": "4.0.0-alpha.5",
      "resolved": "https://registry.npmjs.org/bootstrap/-/bootstrap-4.0.0-alpha.5.tgz",
      "integrity": "sha1-oSa2SMO9L1K4+tS7xeLQrSq/cGQ=",
      "dev": true
    },
    "clarity-angular": {
      "version": "0.9.13",
      "resolved": "https://registry.npmjs.org/clarity-angular/-/clarity-angular-0.9.13.tgz",
      "integrity": "sha1-orAuK8rF7t4+LYHGKjh4t72uFNw="
    },
    "clarity-icons": {
      "version": "0.9.13",
      "resolved": "https://registry.npmjs.org/clarity-icons/-/clarity-icons-0.9.13.tgz",
      "integrity": "sha1-ScmWYgkSNxbHH3CcW7b+b6ROM4U="
    },
    "clarity-ui": {
      "version": "0.9.13",
      "resolved": "https://registry.npmjs.org/clarity-ui/-/clarity-ui-0.9.13.tgz",
      "integrity": "sha1-kBXGzGO7gs8Tr4S4JuxDkfsk1Zo="
    },
    "codelyzer": {
      "version": "2.0.1",
      "resolved": "https://registry.npmjs.org/codelyzer/-/codelyzer-2.0.1.tgz",
      "integrity": "sha1-0PcSH2eoQkyS0h07MfNkC4Pe+e0=",
      "dev": true
    },
    "core-js": {
      "version": "2.4.1",
      "resolved": "https://registry.npmjs.org/core-js/-/core-js-2.4.1.tgz",
      "integrity": "sha1-TekR5mew6ukSTjQlS1OupvxhjT4="
    },
    "cors": {
      "version": "2.8.4",
      "resolved": "https://registry.npmjs.org/cors/-/cors-2.8.4.tgz",
      "integrity": "sha1-K9OB8usgECAQXNUOpZ2mMJBpRoY="
    },
    "enhanced-resolve": {
      "version": "3.3.0",
      "resolved": "https://registry.npmjs.org/enhanced-resolve/-/enhanced-resolve-3.3.0.tgz",
      "integrity": "sha512-2qbxE7ek3YxPJ1ML6V+satHkzHpJQKWkRHmRx6mfAoW59yP8YH8BFplbegSP+u2hBd6B6KCOpvJQ3dZAP+hkpg==",
      "dev": true
    },
    "jasmine-core": {
      "version": "2.4.1",
      "resolved": "https://registry.npmjs.org/jasmine-core/-/jasmine-core-2.4.1.tgz",
      "integrity": "sha1-b4OrOg8WlRcizgfSBsdz1XzIOL4=",
      "dev": true
    },
    "jasmine-spec-reporter": {
      "version": "2.5.0",
      "resolved": "https://registry.npmjs.org/jasmine-spec-reporter/-/jasmine-spec-reporter-2.5.0.tgz",
      "integrity": "sha1-EuR4LmRFwN+ruN70xS7dMPY2LUI=",
      "dev": true
    },
    "karma": {
      "version": "1.2.0",
      "resolved": "https://registry.npmjs.org/karma/-/karma-1.2.0.tgz",
      "integrity": "sha1-bcqJ7CX0dT8SD4NMiTmAmAQP1j4=",
      "dev": true,
      "dependencies": {
        "lodash": {
          "version": "3.10.1",
          "resolved": "https://registry.npmjs.org/lodash/-/lodash-3.10.1.tgz",
          "integrity": "sha1-W/Rejkm6QYnhfUgnid/RW9FAt7Y="
        },
        "optimist": {
          "version": "0.6.1",
          "resolved": "https://registry.npmjs.org/optimist/-/optimist-0.6.1.tgz",
          "integrity": "sha1-2j6nRob6IaGaERwybpDrFaAZZoY="
        },
        "tmp": {
          "version": "0.0.28",
          "resolved": "https://registry.npmjs.org/tmp/-/tmp-0.0.28.tgz",
          "integrity": "sha1-Fyc1t/YU6nrzlmT6hM8N5OUV0SA="
        }
      }
    },
    "karma-cli": {
      "version": "1.0.1",
      "resolved": "https://registry.npmjs.org/karma-cli/-/karma-cli-1.0.1.tgz",
      "integrity": "sha1-rmw8WKMTodALRRZMRVubhs4X+WA=",
      "dev": true
    },
    "karma-jasmine": {
      "version": "1.1.0",
      "resolved": "https://registry.npmjs.org/karma-jasmine/-/karma-jasmine-1.1.0.tgz",
      "integrity": "sha1-IuTAa/mhguUpTR9wXjczgRuBCs8=",
      "dev": true
    },
    "karma-mocha-reporter": {
      "version": "2.2.3",
      "resolved": "https://registry.npmjs.org/karma-mocha-reporter/-/karma-mocha-reporter-2.2.3.tgz",
      "integrity": "sha1-BP3aRaHZaXpzhxx0ciI8WBcBqyA=",
      "dev": true
    },
    "karma-phantomjs-launcher": {
      "version": "1.0.4",
      "resolved": "https://registry.npmjs.org/karma-phantomjs-launcher/-/karma-phantomjs-launcher-1.0.4.tgz",
      "integrity": "sha1-0jyjSAG9qYY60xjju0vUBisTrNI=",
      "dev": true
    },
    "karma-remap-istanbul": {
      "version": "0.2.2",
      "resolved": "https://registry.npmjs.org/karma-remap-istanbul/-/karma-remap-istanbul-0.2.2.tgz",
      "integrity": "sha1-HN9shaVcayDpxxScCoxVUzA42dk=",
      "dev": true
    },
    "mutationobserver-shim": {
      "version": "0.3.2",
      "resolved": "https://registry.npmjs.org/mutationobserver-shim/-/mutationobserver-shim-0.3.2.tgz",
      "integrity": "sha1-9NXa56SXGiIHkU+1qQ69UUtlrMo="
    },
    "protractor": {
      "version": "4.0.9",
      "resolved": "https://registry.npmjs.org/protractor/-/protractor-4.0.9.tgz",
      "integrity": "sha1-FS9y43KbJXYibjcNwwhpnMz6d7o=",
      "dev": true,
      "dependencies": {
        "optimist": {
          "version": "0.6.1",
          "resolved": "https://registry.npmjs.org/optimist/-/optimist-0.6.1.tgz",
          "integrity": "sha1-2j6nRob6IaGaERwybpDrFaAZZoY="
        },
        "q": {
          "version": "1.4.1",
          "resolved": "https://registry.npmjs.org/q/-/q-1.4.1.tgz",
          "integrity": "sha1-VXBbzZPF82c1MMLCy8DCs63cKG4="
        }
      }
    },
    "rxjs": {
      "version": "5.4.2",
      "resolved": "https://registry.npmjs.org/rxjs/-/rxjs-5.4.2.tgz",
      "integrity": "sha1-KjI2/L8D31e64G/Wly/ZnlwI/Pc="
    },
    "ts-helpers": {
      "version": "1.1.2",
      "resolved": "https://registry.npmjs.org/ts-helpers/-/ts-helpers-1.1.2.tgz",
      "integrity": "sha1-/Gm+nx87rtAfsaDvjUz+dIgU2DU="
    },
    "ts-node": {
      "version": "1.2.1",
      "resolved": "https://registry.npmjs.org/ts-node/-/ts-node-1.2.1.tgz",
      "integrity": "sha1-EI8eQzZuJfUiPoVJ+nxtz3gO2iM=",
      "dev": true,
      "dependencies": {
        "diff": {
          "version": "2.2.3",
          "resolved": "https://registry.npmjs.org/diff/-/diff-2.2.3.tgz",
          "integrity": "sha1-YOr9DSjukG5Oj/ClLBIpUhAzv5k="
        },
        "minimist": {
          "version": "1.2.0",
          "resolved": "https://registry.npmjs.org/minimist/-/minimist-1.2.0.tgz",
          "integrity": "sha1-o1AIsg9BOD7sH7kU9M1d95omQoQ="
        }
      }
    },
    "tslint": {
      "version": "4.5.1",
      "resolved": "https://registry.npmjs.org/tslint/-/tslint-4.5.1.tgz",
      "integrity": "sha1-BTVocb7yOkNJBnNABvwYgza6gks=",
      "dev": true,
      "dependencies": {
        "optimist": {
          "version": "0.6.1",
          "resolved": "https://registry.npmjs.org/optimist/-/optimist-0.6.1.tgz",
          "integrity": "sha1-2j6nRob6IaGaERwybpDrFaAZZoY="
        }
      }
    },
    "typescript": {
      "version": "2.2.2",
      "resolved": "https://registry.npmjs.org/typescript/-/typescript-2.2.2.tgz",
      "integrity": "sha1-YGAiUIR5tV/6NotY/uljoD39eww=",
      "dev": true
    },
    "typings": {
      "version": "1.5.0",
      "resolved": "https://registry.npmjs.org/typings/-/typings-1.5.0.tgz",
      "integrity": "sha1-udI2zx03RghU+MZx6kldlAW4ED8=",
      "dev": true,
      "dependencies": {
        "ansi-align": {
          "version": "1.1.0",
          "resolved": "https://registry.npmjs.org/ansi-align/-/ansi-align-1.1.0.tgz",
          "integrity": "sha1-LwwWWIKXOa3V67FeawxuNCPwFro="
        },
        "boxen": {
          "version": "0.6.0",
          "resolved": "https://registry.npmjs.org/boxen/-/boxen-0.6.0.tgz",
          "integrity": "sha1-g2TUJIrDT/DvGy8r9JpsYM4NgbY="
        },
        "configstore": {
          "version": "2.1.0",
          "resolved": "https://registry.npmjs.org/configstore/-/configstore-2.1.0.tgz",
          "integrity": "sha1-c3o6cDbpiGECqmCZ5HuzOrGroaE="
        },
        "dot-prop": {
          "version": "3.0.0",
          "resolved": "https://registry.npmjs.org/dot-prop/-/dot-prop-3.0.0.tgz",
          "integrity": "sha1-G3CK8JSknJoOfbyteQq6U52sEXc="
        },
        "duplexer2": {
          "version": "0.1.4",
          "resolved": "https://registry.npmjs.org/duplexer2/-/duplexer2-0.1.4.tgz",
          "integrity": "sha1-ixLauHjA1p4+eJEFFmKjL8a93ME="
        },
        "got": {
          "version": "5.7.1",
          "resolved": "https://registry.npmjs.org/got/-/got-5.7.1.tgz",
          "integrity": "sha1-X4FjWmHkplifGAVp6k44FoClHzU="
        },
        "is-fullwidth-code-point": {
          "version": "1.0.0",
          "resolved": "https://registry.npmjs.org/is-fullwidth-code-point/-/is-fullwidth-code-point-1.0.0.tgz",
          "integrity": "sha1-754xOG8DGn8NZDr4L95QxFfvAMs="
        },
        "latest-version": {
          "version": "2.0.0",
          "resolved": "https://registry.npmjs.org/latest-version/-/latest-version-2.0.0.tgz",
          "integrity": "sha1-VvjWE5YghHuAF/jx9NeOIRMkFos="
        },
        "minimist": {
          "version": "1.2.0",
          "resolved": "https://registry.npmjs.org/minimist/-/minimist-1.2.0.tgz",
          "integrity": "sha1-o1AIsg9BOD7sH7kU9M1d95omQoQ="
        },
        "package-json": {
          "version": "2.4.0",
          "resolved": "https://registry.npmjs.org/package-json/-/package-json-2.4.0.tgz",
          "integrity": "sha1-DRW9Z9HLvduyyiIv8u24a8sxqLs="
        },
        "string-width": {
          "version": "1.0.2",
          "resolved": "https://registry.npmjs.org/string-width/-/string-width-1.0.2.tgz",
          "integrity": "sha1-EYvfW4zcUaKn5w0hHgfisLmxB9M="
        },
        "timed-out": {
          "version": "3.1.3",
          "resolved": "https://registry.npmjs.org/timed-out/-/timed-out-3.1.3.tgz",
          "integrity": "sha1-lYYL/MXHbCd/j4Mm/Q9bLiDrohc="
        },
        "unzip-response": {
          "version": "1.0.2",
          "resolved": "https://registry.npmjs.org/unzip-response/-/unzip-response-1.0.2.tgz",
          "integrity": "sha1-uYTwh3/AqJwsdzzB73tbIytbBv4="
        },
        "update-notifier": {
          "version": "1.0.3",
          "resolved": "https://registry.npmjs.org/update-notifier/-/update-notifier-1.0.3.tgz",
          "integrity": "sha1-j5LFFUgr1oMbfJMBPnD4dVLHz1o="
        },
        "uuid": {
          "version": "2.0.3",
          "resolved": "https://registry.npmjs.org/uuid/-/uuid-2.0.3.tgz",
          "integrity": "sha1-Z+LoY3lyFVMN/zGOW/nc6/1Hsho="
        },
        "wordwrap": {
          "version": "1.0.0",
          "resolved": "https://registry.npmjs.org/wordwrap/-/wordwrap-1.0.0.tgz",
          "integrity": "sha1-J1hIEIkUVqQXHI0CJkQa3pDLyus="
        },
        "write-file-atomic": {
          "version": "1.3.4",
          "resolved": "https://registry.npmjs.org/write-file-atomic/-/write-file-atomic-1.3.4.tgz",
          "integrity": "sha1-+Aek8LHZ6ROuekgRLmzDrxmRtF8="
        },
        "xdg-basedir": {
          "version": "2.0.0",
          "resolved": "https://registry.npmjs.org/xdg-basedir/-/xdg-basedir-2.0.0.tgz",
          "integrity": "sha1-7byQPMOF/ARSPZZqM1UEtVBNG9I="
        }
      }
    },
    "web-animations-js": {
      "version": "2.2.5",
      "resolved": "https://registry.npmjs.org/web-animations-js/-/web-animations-js-2.2.5.tgz",
      "integrity": "sha1-JsobNME0czKggT+LK/5pZk76gKo="
    },
    "webdriver-manager": {
      "version": "10.2.5",
      "resolved": "https://registry.npmjs.org/webdriver-manager/-/webdriver-manager-10.2.5.tgz",
      "integrity": "sha1-ZDPBpksDg4jCle0NydqnHl31Ak4=",
      "dev": true,
      "dependencies": {
        "minimist": {
          "version": "1.2.0",
          "resolved": "https://registry.npmjs.org/minimist/-/minimist-1.2.0.tgz",
          "integrity": "sha1-o1AIsg9BOD7sH7kU9M1d95omQoQ="
        }
      }
    },
    "zone.js": {
      "version": "0.8.14",
      "resolved": "https://registry.npmjs.org/zone.js/-/zone.js-0.8.14.tgz",
      "integrity": "sha1-DE2ySxeCMidMy0P3jJnbfzZCts8="
    }
  }
}
